
Microsoft Visual Studio Solution File, Format Version 12.00
# Visual Studio Version 16
VisualStudioVersion = 16.0.31105.61
MinimumVisualStudioVersion = 10.0.40219.1
Project("{FAE04EC0-301F-11D3-BF4B-00C04F79EFBC}") = "c1", "c1\c1.csproj", "{0C743E58-7538-4F6E-860C-99F3F4E8DC11}"
EndProject
Project("{FAE04EC0-301F-11D3-BF4B-00C04F79EFBC}") = "c2", "c2\c2.csproj", "{A625A856-950C-45A8-8368-0343770906A7}"
EndProject
Global
	GlobalSection(SolutionConfigurationPlatforms) = preSolution
		Debug|Any CPU = Debug|Any CPU
		Release|Any CPU = Release|Any CPU
	EndGlobalSection
	GlobalSection(ProjectConfigurationPlatforms) = postSolution
		{0C743E58-7538-4F6E-860C-99F3F4E8DC11}.Debug|Any CPU.ActiveCfg = Debug|Any CPU
		{0C743E58-7538-4F6E-860C-99F3F4E8DC11}.Debug|Any CPU.Build.0 = Debug|Any CPU
		{0C743E58-7538-4F6E-860C-99F3F4E8DC11}.Release|Any CPU.ActiveCfg = Release|Any CPU
		{0C743E58-7538-4F6E-860C-99F3F4E8DC11}.Release|Any CPU.Build.0 = Release|Any CPU
		{A625A856-950C-45A8-8368-0343770906A7}.Debug|Any CPU.ActiveCfg = Debug|Any CPU
		{A625A856-950C-45A8-8368-0343770906A7}.Debug|Any CPU.Build.0 = Debug|Any CPU
		{A625A856-950C-45A8-8368-0343770906A7}.Release|Any CPU.ActiveCfg = Release|Any CPU
		{A625A856-950C-45A8-8368-0343770906A7}.Release|Any CPU.Build.0 = Release|Any CPU
	EndGlobalSection
	GlobalSection(SolutionProperties) = preSolution
		HideSolutionNode = FALSE
	EndGlobalSection
	GlobalSection(ExtensibilityGlobals) = postSolution
		SolutionGuid = {6BC097A5-4EA5-4983-8273-C644AFFD7034}
	EndGlobalSection
EndGlobal
