
Microsoft Visual Studio Solution File, Format Version 12.00
# Visual Studio Version 16
VisualStudioVersion = 16.0.31019.35
MinimumVisualStudioVersion = 10.0.40219.1
Project("{FAE04EC0-301F-11D3-BF4B-00C04F79EFBC}") = "calculator", "calculator\calculator.csproj", "{32C5E636-C6D8-483A-9225-0729EE8933F6}"
EndProject
Global
	GlobalSection(SolutionConfigurationPlatforms) = preSolution
		Debug|Any CPU = Debug|Any CPU
		Release|Any CPU = Release|Any CPU
	EndGlobalSection
	GlobalSection(ProjectConfigurationPlatforms) = postSolution
		{32C5E636-C6D8-483A-9225-0729EE8933F6}.Debug|Any CPU.ActiveCfg = Debug|Any CPU
		{32C5E636-C6D8-483A-9225-0729EE8933F6}.Debug|Any CPU.Build.0 = Debug|Any CPU
		{32C5E636-C6D8-483A-9225-0729EE8933F6}.Release|Any CPU.ActiveCfg = Release|Any CPU
		{32C5E636-C6D8-483A-9225-0729EE8933F6}.Release|Any CPU.Build.0 = Release|Any CPU
	EndGlobalSection
	GlobalSection(SolutionProperties) = preSolution
		HideSolutionNode = FALSE
	EndGlobalSection
	GlobalSection(ExtensibilityGlobals) = postSolution
		SolutionGuid = {064EFA6B-8898-4464-8369-C2E048031836}
	EndGlobalSection
EndGlobal
